
Microsoft Visual Studio Solution File, Format Version 12.00
# Visual Studio Version 17
VisualStudioVersion = 17.9.34616.47
MinimumVisualStudioVersion = 10.0.40219.1
Project("{9A19103F-16F7-4668-BE54-9A1E7A4F7556}") = "recogniser", "recogniser\recogniser.csproj", "{5C8D1476-1548-43DB-A7A7-A4230B7A69C7}"
EndProject
Global
	GlobalSection(SolutionConfigurationPlatforms) = preSolution
		Debug|Any CPU = Debug|Any CPU
		Release|Any CPU = Release|Any CPU
	EndGlobalSection
	GlobalSection(ProjectConfigurationPlatforms) = postSolution
		{5C8D1476-1548-43DB-A7A7-A4230B7A69C7}.Debug|Any CPU.ActiveCfg = Debug|Any CPU
		{5C8D1476-1548-43DB-A7A7-A4230B7A69C7}.Debug|Any CPU.Build.0 = Debug|Any CPU
		{5C8D1476-1548-43DB-A7A7-A4230B7A69C7}.Release|Any CPU.ActiveCfg = Release|Any CPU
		{5C8D1476-1548-43DB-A7A7-A4230B7A69C7}.Release|Any CPU.Build.0 = Release|Any CPU
	EndGlobalSection
	GlobalSection(SolutionProperties) = preSolution
		HideSolutionNode = FALSE
	EndGlobalSection
	GlobalSection(ExtensibilityGlobals) = postSolution
		SolutionGuid = {AEACA762-0CA2-48D2-8CD4-646ADBABFA4F}
	EndGlobalSection
EndGlobal
